<?xml version="1.0" encoding="utf-8"?>
<Project ToolsVersion="4.0" xmlns="http://schemas.microsoft.com/developer/msbuild/2003">
  <ItemGroup>
    <Filter Include="Source Files">
      <UniqueIdentifier>{4FC737F1-C7A5-4376-A066-2A32D752A2FF}</UniqueIdentifier>
      <Extensions>cpp;c;cc;cxx;c++;cppm;ixx;def;odl;idl;hpj;bat;asm;asmx</Extensions>
    </Filter>
    <Filter Include="Header Files">
      <UniqueIdentifier>{93995380-89BD-4b04-88EB-625FBE52EBFB}</UniqueIdentifier>
      <Extensions>h;hh;hpp;hxx;h++;hm;inl;inc;ipp;xsd</Extensions>
    </Filter>
    <Filter Include="Resource Files">
      <UniqueIdentifier>{67DA6AB6-F800-4c08-8B7A-83BB121AAD01}</UniqueIdentifier>
      <Extensions>rc;ico;cur;bmp;dlg;rc2;rct;bin;rgs;gif;jpg;jpeg;jpe;resx;tiff;tif;png;wav;mfcribbon-ms</Extensions>
    </Filter>
    <Filter Include="Tests">
      <UniqueIdentifier>{a735fbf7-f0d3-48d5-a9c0-c4cfe4bad60a}</UniqueIdentifier>
    </Filter>
  </ItemGroup>
  <ItemGroup>
    <ClCompile Include="main.cpp">
      <Filter>Source Files</Filter>
    </ClCompile>
    <ClCompile Include="_g.cpp">
      <Filter>Source Files</Filter>
    </ClCompile>
    <ClCompile Include="Cplex.cpp">
      <Filter>Source Files</Filter>
    </ClCompile>
    <ClCompile Include="CutF.cpp">
      <Filter>Source Files</Filter>
    </ClCompile>
    <ClCompile Include="binary.cpp">
      <Filter>Source Files</Filter>
    </ClCompile>
    <ClCompile Include="PartitionF.cpp">
      <Filter>Source Files</Filter>
    </ClCompile>
    <ClCompile Include="timer.cpp">
      <Filter>Source Files</Filter>
    </ClCompile>
    <ClCompile Include="RepresentativeF.cpp">
      <Filter>Source Files</Filter>
    </ClCompile>
    <ClCompile Include="_tree.cpp">
      <Filter>Source Files</Filter>
    </ClCompile>
    <ClCompile Include="ExF.cpp">
      <Filter>Source Files</Filter>
    </ClCompile>
    <ClCompile Include="SetCoverF.cpp">
      <Filter>Source Files</Filter>
    </ClCompile>
    <ClCompile Include="CG.cpp">
      <Filter>Source Files</Filter>
    </ClCompile>
    <ClCompile Include="CGCallBack.cpp">
      <Filter>Source Files</Filter>
    </ClCompile>
    <ClCompile Include="CGPrice.cpp">
      <Filter>Source Files</Filter>
    </ClCompile>
    <ClCompile Include="_render.cpp">
      <Filter>Source Files</Filter>
    </ClCompile>
    <ClCompile Include="FlowF.cpp">
      <Filter>Source Files</Filter>
    </ClCompile>
    <ClCompile Include="DiCutF.cpp">
      <Filter>Source Files</Filter>
    </ClCompile>
    <ClCompile Include="bb.cpp">
      <Filter>Source Files</Filter>
    </ClCompile>
    <ClCompile Include="bmemory.cpp">
      <Filter>Source Files</Filter>
    </ClCompile>
    <ClCompile Include="memory.cpp">
      <Filter>Source Files</Filter>
    </ClCompile>
    <ClCompile Include="sbbt.cpp">
      <Filter>Source Files</Filter>
    </ClCompile>
    <ClCompile Include="_mwcs.cpp">
      <Filter>Source Files</Filter>
    </ClCompile>
    <ClCompile Include="_pcst.cpp">
      <Filter>Source Files</Filter>
    </ClCompile>
    <ClCompile Include="Abor.cpp">
      <Filter>Source Files</Filter>
    </ClCompile>
  </ItemGroup>
  <ItemGroup>
    <ClInclude Include="_g.h">
      <Filter>Header Files</Filter>
    </ClInclude>
    <ClInclude Include="Cplex.h">
      <Filter>Header Files</Filter>
    </ClInclude>
    <ClInclude Include="CutF.h">
      <Filter>Header Files</Filter>
    </ClInclude>
    <ClInclude Include="binary.h">
      <Filter>Header Files</Filter>
    </ClInclude>
    <ClInclude Include="PartitionF.h">
      <Filter>Header Files</Filter>
    </ClInclude>
    <ClInclude Include="timer.h">
      <Filter>Header Files</Filter>
    </ClInclude>
    <ClInclude Include="RepresentativeF.h">
      <Filter>Header Files</Filter>
    </ClInclude>
    <ClInclude Include="_tree.h">
      <Filter>Header Files</Filter>
    </ClInclude>
    <ClInclude Include="ExF.h">
      <Filter>Header Files</Filter>
    </ClInclude>
    <ClInclude Include="SetCoverF.h">
      <Filter>Header Files</Filter>
    </ClInclude>
    <ClInclude Include="CG.h">
      <Filter>Header Files</Filter>
    </ClInclude>
    <ClInclude Include="AVLTree.h">
      <Filter>Header Files</Filter>
    </ClInclude>
    <ClInclude Include="CGCallBack.h">
      <Filter>Header Files</Filter>
    </ClInclude>
    <ClInclude Include="CGPrice.h">
      <Filter>Header Files</Filter>
    </ClInclude>
    <ClInclude Include="_render.h">
      <Filter>Header Files</Filter>
    </ClInclude>
    <ClInclude Include="FlowF.h">
      <Filter>Header Files</Filter>
    </ClInclude>
    <ClInclude Include="DiCutF.h">
      <Filter>Header Files</Filter>
    </ClInclude>
    <ClInclude Include="bb.h">
      <Filter>Header Files</Filter>
    </ClInclude>
    <ClInclude Include="bmemory.h">
      <Filter>Header Files</Filter>
    </ClInclude>
    <ClInclude Include="memory.h">
      <Filter>Header Files</Filter>
    </ClInclude>
    <ClInclude Include="sbbt.h">
      <Filter>Header Files</Filter>
    </ClInclude>
    <ClInclude Include="_mwcs.h">
      <Filter>Header Files</Filter>
    </ClInclude>
    <ClInclude Include="_pcst.h">
      <Filter>Header Files</Filter>
    </ClInclude>
    <ClInclude Include="Abor.h">
      <Filter>Header Files</Filter>
    </ClInclude>
  </ItemGroup>
</Project>